
Microsoft Visual Studio Solution File, Format Version 12.00
# Visual Studio Version 16
VisualStudioVersion = 16.0.33214.272
MinimumVisualStudioVersion = 10.0.40219.1
Project("{FAE04EC0-301F-11D3-BF4B-00C04F79EFBC}") = "Task_2_3", "Task_2_3\Task_2_3.csproj", "{027F620E-3911-4B7F-986B-293B177234EC}"
EndProject
Global
	GlobalSection(SolutionConfigurationPlatforms) = preSolution
		Debug|Any CPU = Debug|Any CPU
		Release|Any CPU = Release|Any CPU
	EndGlobalSection
	GlobalSection(ProjectConfigurationPlatforms) = postSolution
		{027F620E-3911-4B7F-986B-293B177234EC}.Debug|Any CPU.ActiveCfg = Debug|Any CPU
		{027F620E-3911-4B7F-986B-293B177234EC}.Debug|Any CPU.Build.0 = Debug|Any CPU
		{027F620E-3911-4B7F-986B-293B177234EC}.Release|Any CPU.ActiveCfg = Release|Any CPU
		{027F620E-3911-4B7F-986B-293B177234EC}.Release|Any CPU.Build.0 = Release|Any CPU
	EndGlobalSection
	GlobalSection(SolutionProperties) = preSolution
		HideSolutionNode = FALSE
	EndGlobalSection
	GlobalSection(ExtensibilityGlobals) = postSolution
		SolutionGuid = {F1DCB644-5562-4731-9C76-B19752B2BC8B}
	EndGlobalSection
EndGlobal
